<Solution>
  <Project Path="Assembly-CSharp.csproj" />
  <Project Path="PauseManager-Editor.csproj" />
  <Project Path="PauseManager.csproj" />
  <Project Path="DOTween.Modules.csproj" />
  <Project Path="Assembly-CSharp-Editor.csproj" />
  <Project Path="MyComponents.csproj" />
  <Project Path="Assembly-CSharp-firstpass.csproj" />
</Solution>
